<?xml version="1.0" encoding="utf-8"?>
<Project ToolsVersion="4.0" xmlns="http://schemas.microsoft.com/developer/msbuild/2003">
  <ItemGroup>
    <Filter Include="00. MainApp">
      <UniqueIdentifier>{f9d345e0-8d22-4f7d-9d05-d2309dc3c7ef}</UniqueIdentifier>
    </Filter>
    <Filter Include="99. Etc">
      <UniqueIdentifier>{b7c117b5-9441-415c-8eda-0df470ffd295}</UniqueIdentifier>
    </Filter>
    <Filter Include="99. Etc\리소스 파일">
      <UniqueIdentifier>{67DA6AB6-F800-4c08-8B7A-83BB121AAD01}</UniqueIdentifier>
      <Extensions>rc;ico;cur;bmp;dlg;rc2;rct;bin;rgs;gif;jpg;jpeg;jpe;resx;tiff;tif;png;wav;mfcribbon-ms</Extensions>
    </Filter>
    <Filter Include="99. Etc\소스 파일">
      <UniqueIdentifier>{4FC737F1-C7A5-4376-A066-2A32D752A2FF}</UniqueIdentifier>
      <Extensions>cpp;c;cc;cxx;def;odl;idl;hpj;bat;asm;asmx</Extensions>
    </Filter>
    <Filter Include="99. Etc\헤더 파일">
      <UniqueIdentifier>{93995380-89BD-4b04-88EB-625FBE52EBFB}</UniqueIdentifier>
      <Extensions>h;hh;hpp;hxx;hm;inl;inc;xsd</Extensions>
    </Filter>
    <Filter Include="98. Header">
      <UniqueIdentifier>{00d0d976-9b22-4323-876c-6bea41d82b92}</UniqueIdentifier>
    </Filter>
    <Filter Include="01. Scene">
      <UniqueIdentifier>{a68329a8-8dff-48ef-bed4-e7851535b54e}</UniqueIdentifier>
    </Filter>
    <Filter Include="02. GameObejct">
      <UniqueIdentifier>{c7717da8-b0ac-408d-88b8-e5739b25cfeb}</UniqueIdentifier>
    </Filter>
    <Filter Include="02. GameObejct\00. Logo">
      <UniqueIdentifier>{4fe7535f-001a-4de2-9613-2fda789f22e1}</UniqueIdentifier>
    </Filter>
    <Filter Include="01. Scene\00. Logo">
      <UniqueIdentifier>{74374b70-4b27-4a4c-95de-c5bc8b9819a9}</UniqueIdentifier>
    </Filter>
    <Filter Include="01. Scene\01. Stage">
      <UniqueIdentifier>{874545bd-8998-431e-813e-7b3cf33ca6e6}</UniqueIdentifier>
    </Filter>
    <Filter Include="02. GameObejct\01. Stage">
      <UniqueIdentifier>{73ac88b3-5341-40b4-9f66-652a835a320a}</UniqueIdentifier>
    </Filter>
    <Filter Include="02. GameObejct\00. Logo\00. BackGround">
      <UniqueIdentifier>{ed5bb778-6c8c-4313-874e-cf5a5725ea97}</UniqueIdentifier>
    </Filter>
    <Filter Include="02. GameObejct\01. Stage\00. Terrain">
      <UniqueIdentifier>{39acbbe8-fed7-467d-a6a1-8ce9c2b6a52e}</UniqueIdentifier>
    </Filter>
    <Filter Include="02. GameObejct\01. Stage\02. SkyBox">
      <UniqueIdentifier>{f4ca0eb2-3865-4a50-bdda-82a36c7e6a12}</UniqueIdentifier>
    </Filter>
    <Filter Include="02. GameObejct\01. Stage\99. TestPlayer">
      <UniqueIdentifier>{76a36e56-7d32-4123-9c22-bc2f9f841440}</UniqueIdentifier>
    </Filter>
    <Filter Include="02. GameObejct\01. Stage\01. Player">
      <UniqueIdentifier>{a100ad1b-341a-4958-8945-5f7af9e43f6f}</UniqueIdentifier>
    </Filter>
    <Filter Include="02. GameObejct\01. Stage\03. Weapon">
      <UniqueIdentifier>{c0f093d3-66ab-41e5-9cad-f8b7f6d8e43a}</UniqueIdentifier>
    </Filter>
    <Filter Include="02. GameObejct\01. Stage\03. Weapon\00. Dagger">
      <UniqueIdentifier>{e48d15cf-94c7-4293-ac59-09403bddc9ca}</UniqueIdentifier>
    </Filter>
    <Filter Include="02. GameObejct\01. Stage\50. Monster">
      <UniqueIdentifier>{5513de73-e86a-42d2-a1e4-9eda6002bea9}</UniqueIdentifier>
    </Filter>
    <Filter Include="02. GameObejct\01. Stage\50. Monster\00.Bat">
      <UniqueIdentifier>{8fbf30c9-4bcb-4ea8-ac8b-599b3063c466}</UniqueIdentifier>
    </Filter>
    <Filter Include="02. GameObejct\01. Stage\00.TempObject">
      <UniqueIdentifier>{3aa2099a-0668-4b54-b477-4a94d4ecf8c4}</UniqueIdentifier>
    </Filter>
    <Filter Include="97. Manager">
      <UniqueIdentifier>{57f569e2-6350-4a29-a8cc-e084985aa6e5}</UniqueIdentifier>
    </Filter>
    <Filter Include="02. GameObejct\01. Stage\03. Weapon\01. Revolver">
      <UniqueIdentifier>{57fb23b1-a5c3-4ba0-80b1-d19fce0b7899}</UniqueIdentifier>
    </Filter>
    <Filter Include="02. GameObejct\01. Stage\03. Weapon\02. Staff">
      <UniqueIdentifier>{31c3d399-2c59-4201-8264-8bc09da78a00}</UniqueIdentifier>
    </Filter>
    <Filter Include="02. GameObejct\01. Stage\03. Weapon\03. ColdStaff">
      <UniqueIdentifier>{43fdce16-5180-47b6-b8f6-fdb874c3c9dc}</UniqueIdentifier>
    </Filter>
    <Filter Include="02. GameObejct\01. Stage\03. Weapon\04. CrossBow">
      <UniqueIdentifier>{1cfe6bf4-caae-4a09-91fd-8f0a26916d90}</UniqueIdentifier>
    </Filter>
    <Filter Include="02. GameObejct\01. Stage\03. Weapon\05. CrossBow3">
      <UniqueIdentifier>{18ce6cc5-ee78-41ca-bd6a-fcae33a4c8ae}</UniqueIdentifier>
    </Filter>
    <Filter Include="02. GameObejct\01. Stage\03. Weapon\06. Minigun">
      <UniqueIdentifier>{8fdd8e60-1379-4dde-8e6b-f525740ac6bb}</UniqueIdentifier>
    </Filter>
    <Filter Include="02. GameObejct\01. Stage\03. Weapon\07. RocketLauncher">
      <UniqueIdentifier>{d80eb2bf-d6c7-4b47-9dc1-ae22647d9852}</UniqueIdentifier>
    </Filter>
    <Filter Include="02. GameObejct\01. Stage\50. Monster\01.Spider">
      <UniqueIdentifier>{1c2a24ad-e327-40d6-b641-b55858d47dba}</UniqueIdentifier>
    </Filter>
    <Filter Include="02. GameObejct\01. Stage\50. Monster\10.Projectile">
      <UniqueIdentifier>{1af62daf-ae63-4406-b318-43761dea4d5c}</UniqueIdentifier>
    </Filter>
    <Filter Include="02. GameObejct\01. Stage\50. Monster\02.Crusader">
      <UniqueIdentifier>{7e37829c-39cb-4f6c-a7f5-75fa47cc6dc8}</UniqueIdentifier>
    </Filter>
    <Filter Include="02. GameObejct\01. Stage\50. Monster\03.Glacier">
      <UniqueIdentifier>{b3b54c0c-83ac-44e4-9fb8-2960afaf4181}</UniqueIdentifier>
    </Filter>
    <Filter Include="02. GameObejct\01. Stage\50. Monster\04.Newshambler">
      <UniqueIdentifier>{4502b088-91ba-4b14-add3-c8cbd95e0201}</UniqueIdentifier>
    </Filter>
    <Filter Include="97. Manager\01. WeaponMgr">
      <UniqueIdentifier>{9acf2263-d701-431f-b5c1-ab8940c1cf99}</UniqueIdentifier>
    </Filter>
    <Filter Include="97. Manager\00. CollisionMgr">
      <UniqueIdentifier>{73e4c222-38ca-47cb-8dbd-bb3d588344dd}</UniqueIdentifier>
    </Filter>
    <Filter Include="02. GameObejct\01. Stage\50. Monster\10.Projectile\00.Spell">
      <UniqueIdentifier>{786a8a37-29a2-4c84-a708-46d4215479b1}</UniqueIdentifier>
    </Filter>
    <Filter Include="02. GameObejct\01. Stage\50. Monster\05.HellBoss">
      <UniqueIdentifier>{cdcbdc6d-d1f9-469f-9b6e-a3d8b0d97bf1}</UniqueIdentifier>
    </Filter>
    <Filter Include="02. GameObejct\01. Stage\00.Roof">
      <UniqueIdentifier>{96cf38dc-0704-4fb1-82fc-2e619c7c999f}</UniqueIdentifier>
    </Filter>
    <Filter Include="01. Scene\09. Public">
      <UniqueIdentifier>{3b2e8765-c206-4e51-9baa-4e89dd7ee517}</UniqueIdentifier>
    </Filter>
    <Filter Include="01. Scene\09. Public\00. Loading">
      <UniqueIdentifier>{c257f3c1-f6d7-4d7c-813a-b17a060ed831}</UniqueIdentifier>
    </Filter>
    <Filter Include="01. Scene\02. Stage2">
      <UniqueIdentifier>{5838b26c-db9b-4db2-a8fa-e56fe82cb64f}</UniqueIdentifier>
    </Filter>
    <Filter Include="02. GameObejct\09. Public">
      <UniqueIdentifier>{296ec397-87b7-41dd-b404-e4eb6b303fc5}</UniqueIdentifier>
    </Filter>
    <Filter Include="02. GameObejct\09. Public\00. StaticCamera">
      <UniqueIdentifier>{27dc9c3d-8c00-4a6b-a024-c6260ea4975a}</UniqueIdentifier>
    </Filter>
    <Filter Include="02. GameObejct\09. Public\01. DynamicCamera">
      <UniqueIdentifier>{0367bbd1-a428-42ef-a2ea-87ebf6e2ec30}</UniqueIdentifier>
    </Filter>
    <Filter Include="02. GameObejct\09. Public\02. FirstPersonCamera">
      <UniqueIdentifier>{bbedd5d9-8db9-4130-b908-6aef75e19742}</UniqueIdentifier>
    </Filter>
    <Filter Include="02. GameObejct\09. Public\03. UI">
      <UniqueIdentifier>{51d5940f-18e5-4702-9f4a-f88d2ad09b81}</UniqueIdentifier>
    </Filter>
    <Filter Include="02. GameObejct\09. Public\04.Col">
      <UniqueIdentifier>{f4ce5a49-9318-449f-9408-71c1877551fa}</UniqueIdentifier>
    </Filter>
    <Filter Include="02. GameObejct\09. Public\05.Item">
      <UniqueIdentifier>{462caf93-b58a-41f0-a5bf-b43cb9090d56}</UniqueIdentifier>
    </Filter>
    <Filter Include="02. GameObejct\02. Stage2">
      <UniqueIdentifier>{08357dda-85ba-4694-8a7d-cdcdb9699d17}</UniqueIdentifier>
    </Filter>
    <Filter Include="01. Scene\03. Stage3">
      <UniqueIdentifier>{3f239b08-d7da-49da-b219-24a231f30525}</UniqueIdentifier>
    </Filter>
    <Filter Include="01. Scene\04.StageMini">
      <UniqueIdentifier>{3bf6b250-795d-4301-b553-5982e88a3ef8}</UniqueIdentifier>
    </Filter>
    <Filter Include="02. GameObejct\09. Public\06.EventDoor">
      <UniqueIdentifier>{0ac68243-dbb5-4d5c-b5ec-598dbda99672}</UniqueIdentifier>
    </Filter>
    <Filter Include="02. GameObejct\02. Stage2\00.PlusWall">
      <UniqueIdentifier>{86deecd2-f693-41e8-a613-497e13a1e48c}</UniqueIdentifier>
    </Filter>
    <Filter Include="02. GameObejct\04. StageMini">
      <UniqueIdentifier>{9605afff-ba09-4295-9398-47719ef90942}</UniqueIdentifier>
    </Filter>
    <Filter Include="02. GameObejct\09. Public\07.MiniMap">
      <UniqueIdentifier>{cbda2167-d304-48b4-84de-50c338fa95df}</UniqueIdentifier>
    </Filter>
    <Filter Include="02. GameObejct\09. Public\07.MiniMap\00.MiniWall">
      <UniqueIdentifier>{3355ecea-2d34-4752-9110-e1a0c7f9fd71}</UniqueIdentifier>
    </Filter>
    <Filter Include="02. GameObejct\09. Public\07.MiniMap\01.MiniItem">
      <UniqueIdentifier>{75752e9f-9f58-4c46-9a42-e9eed4003ada}</UniqueIdentifier>
    </Filter>
    <Filter Include="02. GameObejct\09. Public\07.MiniMap\02.MiniPlayer">
      <UniqueIdentifier>{06a91488-e511-4867-9fdb-8db7c07ca8c4}</UniqueIdentifier>
    </Filter>
    <Filter Include="97. Manager\03. EffectMgr">
      <UniqueIdentifier>{b75bdfc4-01cf-4bd4-8816-6988f148f197}</UniqueIdentifier>
    </Filter>
    <Filter Include="02. GameObejct\09. Public\08. Effect">
      <UniqueIdentifier>{e59f6f26-23bf-4217-996d-1b14493fc9c6}</UniqueIdentifier>
    </Filter>
    <Filter Include="02. GameObejct\09. Public\08. Effect\00. DaggerThrow">
      <UniqueIdentifier>{b7fa7c9e-9418-4c3c-84b5-4f1e004e173a}</UniqueIdentifier>
    </Filter>
    <Filter Include="02. GameObejct\09. Public\08. Effect\01. Arrow">
      <UniqueIdentifier>{055b592e-0124-4cfe-b3e1-a75dc5e78618}</UniqueIdentifier>
    </Filter>
    <Filter Include="02. GameObejct\09. Public\08. Effect\02. SpellSphere">
      <UniqueIdentifier>{80b9b063-c748-4648-b8b3-f1f3f37917b7}</UniqueIdentifier>
    </Filter>
    <Filter Include="02. GameObejct\09. Public\08. Effect\03. Explosion">
      <UniqueIdentifier>{85d7feea-f4c7-499c-a1fc-2a837015c9a6}</UniqueIdentifier>
    </Filter>
    <Filter Include="02. GameObejct\09. Public\08. Effect\04. Shock">
      <UniqueIdentifier>{bf50e8df-db97-4f38-a4ef-a41b8553fb69}</UniqueIdentifier>
    </Filter>
    <Filter Include="97. Manager\04. DataMgr">
      <UniqueIdentifier>{71acfbdc-d9a8-4108-baaa-8a3f4f537948}</UniqueIdentifier>
    </Filter>
    <Filter Include="02. GameObejct\09. Public\08. Effect\05. Bullet">
      <UniqueIdentifier>{a30b76c2-ab88-42b4-b0c0-436ee92169f2}</UniqueIdentifier>
    </Filter>
    <Filter Include="02. GameObejct\09. Public\08. Effect\06. Blood">
      <UniqueIdentifier>{3cf2374b-b6ab-408e-b551-38cfbdcf5aab}</UniqueIdentifier>
    </Filter>
    <Filter Include="02. GameObejct\04. StageMini\00.MiniMonster">
      <UniqueIdentifier>{f3417aed-0f99-4030-86a2-8d3a6e11ac58}</UniqueIdentifier>
    </Filter>
    <Filter Include="02. GameObejct\04. StageMini\01.MiniEvent">
      <UniqueIdentifier>{36200b82-62bc-4286-9ceb-d08c961dd0bf}</UniqueIdentifier>
    </Filter>
    <Filter Include="02. GameObejct\09. Public\09. Shop">
      <UniqueIdentifier>{caa01b7c-ef96-4d45-845d-6e6c12419536}</UniqueIdentifier>
    </Filter>
    <Filter Include="01. Scene\00.LoadingScene">
      <UniqueIdentifier>{9e6be769-89c8-4ab6-9271-3b384ac6cf2c}</UniqueIdentifier>
    </Filter>
  </ItemGroup>
  <ItemGroup>
    <ClInclude Include="targetver.h">
      <Filter>99. Etc\헤더 파일</Filter>
    </ClInclude>
    <ClInclude Include="Resource.h">
      <Filter>99. Etc\헤더 파일</Filter>
    </ClInclude>
    <ClInclude Include="Client.h">
      <Filter>99. Etc\헤더 파일</Filter>
    </ClInclude>
    <ClInclude Include="stdafx.h">
      <Filter>98. Header</Filter>
    </ClInclude>
    <ClInclude Include="..\Code\MainApp.h">
      <Filter>00. MainApp</Filter>
    </ClInclude>
    <ClInclude Include="..\Header\Defines.h">
      <Filter>98. Header</Filter>
    </ClInclude>
    <ClInclude Include="..\Header\Enum.h">
      <Filter>98. Header</Filter>
    </ClInclude>
    <ClInclude Include="..\Header\Function.h">
      <Filter>98. Header</Filter>
    </ClInclude>
    <ClInclude Include="..\Header\Macro.h">
      <Filter>98. Header</Filter>
    </ClInclude>
    <ClInclude Include="..\Header\Typedef.h">
      <Filter>98. Header</Filter>
    </ClInclude>
    <ClInclude Include="..\Code\Logo.h">
      <Filter>01. Scene\00. Logo</Filter>
    </ClInclude>
    <ClInclude Include="..\Code\BackGround.h">
      <Filter>02. GameObejct\00. Logo\00. BackGround</Filter>
    </ClInclude>
    <ClInclude Include="..\Code\Stage.h">
      <Filter>01. Scene\01. Stage</Filter>
    </ClInclude>
    <ClInclude Include="..\Code\Terrain.h">
      <Filter>02. GameObejct\01. Stage\00. Terrain</Filter>
    </ClInclude>
    <ClInclude Include="..\Code\Loading.h">
      <Filter>01. Scene\09. Public\00. Loading</Filter>
    </ClInclude>
    <ClInclude Include="..\Code\DynamicCamera.h">
      <Filter>02. GameObejct\09. Public\01. DynamicCamera</Filter>
    </ClInclude>
    <ClInclude Include="..\Code\StaticCamera.h">
      <Filter>02. GameObejct\09. Public\00. StaticCamera</Filter>
    </ClInclude>
    <ClInclude Include="..\Code\SkyBox.h">
      <Filter>02. GameObejct\01. Stage\02. SkyBox</Filter>
    </ClInclude>
    <ClInclude Include="..\Code\TestPlayer.h">
      <Filter>02. GameObejct\01. Stage\99. TestPlayer</Filter>
    </ClInclude>
    <ClInclude Include="..\Code\Player.h">
      <Filter>02. GameObejct\01. Stage\01. Player</Filter>
    </ClInclude>
    <ClInclude Include="..\Code\FirstPersonCamera.h">
      <Filter>02. GameObejct\09. Public\02. FirstPersonCamera</Filter>
    </ClInclude>
    <ClInclude Include="..\Header\Struct.h">
      <Filter>98. Header</Filter>
    </ClInclude>
    <ClInclude Include="..\Code\HUD.h">
      <Filter>02. GameObejct\09. Public\03. UI</Filter>
    </ClInclude>
    <ClInclude Include="..\Code\Gauge.h">
      <Filter>02. GameObejct\09. Public\03. UI</Filter>
    </ClInclude>
    <ClInclude Include="..\Code\Title.h">
      <Filter>02. GameObejct\09. Public\03. UI</Filter>
    </ClInclude>
    <ClInclude Include="..\Code\TempObject.h">
      <Filter>02. GameObejct\01. Stage\00.TempObject</Filter>
    </ClInclude>
    <ClInclude Include="..\Code\ColObject.h">
      <Filter>02. GameObejct\09. Public\04.Col</Filter>
    </ClInclude>
    <ClInclude Include="..\Code\WeaponMgr.h">
      <Filter>97. Manager\01. WeaponMgr</Filter>
    </ClInclude>
    <ClInclude Include="..\Code\CollisionMgr.h">
      <Filter>97. Manager\00. CollisionMgr</Filter>
    </ClInclude>
    <ClInclude Include="..\Code\Bat.h">
      <Filter>02. GameObejct\01. Stage\50. Monster\00.Bat</Filter>
    </ClInclude>
    <ClInclude Include="..\Code\Spider.h">
      <Filter>02. GameObejct\01. Stage\50. Monster\01.Spider</Filter>
    </ClInclude>
    <ClInclude Include="..\Code\Crusader.h">
      <Filter>02. GameObejct\01. Stage\50. Monster\02.Crusader</Filter>
    </ClInclude>
    <ClInclude Include="..\Code\Glacier.h">
      <Filter>02. GameObejct\01. Stage\50. Monster\03.Glacier</Filter>
    </ClInclude>
    <ClInclude Include="..\Code\Newshambler.h">
      <Filter>02. GameObejct\01. Stage\50. Monster\04.Newshambler</Filter>
    </ClInclude>
    <ClInclude Include="..\Code\Monster.h">
      <Filter>02. GameObejct\01. Stage\50. Monster</Filter>
    </ClInclude>
    <ClInclude Include="..\Code\Projectile.h">
      <Filter>02. GameObejct\01. Stage\50. Monster\10.Projectile</Filter>
    </ClInclude>
    <ClInclude Include="..\Code\Spell.h">
      <Filter>02. GameObejct\01. Stage\50. Monster\10.Projectile\00.Spell</Filter>
    </ClInclude>
    <ClInclude Include="..\Code\HellBoss.h">
      <Filter>02. GameObejct\01. Stage\50. Monster\05.HellBoss</Filter>
    </ClInclude>
    <ClInclude Include="..\Code\Roof.h">
      <Filter>02. GameObejct\01. Stage\00.Roof</Filter>
    </ClInclude>
    <ClInclude Include="..\Code\ITem.h">
      <Filter>02. GameObejct\09. Public\05.Item</Filter>
    </ClInclude>
    <ClInclude Include="..\Code\PlusWall.h">
      <Filter>02. GameObejct\02. Stage2\00.PlusWall</Filter>
    </ClInclude>
    <ClInclude Include="..\Code\StageMini.h">
      <Filter>01. Scene\04.StageMini</Filter>
    </ClInclude>
    <ClInclude Include="..\Code\Stage3.h">
      <Filter>01. Scene\03. Stage3</Filter>
    </ClInclude>
    <ClInclude Include="..\Code\Stage2.h">
      <Filter>01. Scene\02. Stage2</Filter>
    </ClInclude>
    <ClInclude Include="..\Code\EventDoor.h">
      <Filter>02. GameObejct\09. Public\06.EventDoor</Filter>
    </ClInclude>
    <ClInclude Include="..\Code\MiniMap.h">
      <Filter>02. GameObejct\09. Public\07.MiniMap</Filter>
    </ClInclude>
    <ClInclude Include="..\Code\MiniObject.h">
      <Filter>02. GameObejct\09. Public\07.MiniMap\00.MiniWall</Filter>
    </ClInclude>
    <ClInclude Include="..\Code\EffectMgr.h">
      <Filter>97. Manager\03. EffectMgr</Filter>
    </ClInclude>
    <ClInclude Include="..\Code\Effect.h">
      <Filter>02. GameObejct\09. Public\08. Effect</Filter>
    </ClInclude>
    <ClInclude Include="..\Code\DaggerThrow.h">
      <Filter>02. GameObejct\09. Public\08. Effect\00. DaggerThrow</Filter>
    </ClInclude>
    <ClInclude Include="..\Code\Arrow.h">
      <Filter>02. GameObejct\09. Public\08. Effect\01. Arrow</Filter>
    </ClInclude>
    <ClInclude Include="..\Code\SpellSphere.h">
      <Filter>02. GameObejct\09. Public\08. Effect\02. SpellSphere</Filter>
    </ClInclude>
    <ClInclude Include="..\Code\Explosion.h">
      <Filter>02. GameObejct\09. Public\08. Effect\03. Explosion</Filter>
    </ClInclude>
    <ClInclude Include="..\Code\Weapon.h">
      <Filter>02. GameObejct\01. Stage\03. Weapon</Filter>
    </ClInclude>
    <ClInclude Include="..\Code\Staff.h">
      <Filter>02. GameObejct\01. Stage\03. Weapon\02. Staff</Filter>
    </ClInclude>
    <ClInclude Include="..\Code\Minigun.h">
      <Filter>02. GameObejct\01. Stage\03. Weapon\06. Minigun</Filter>
    </ClInclude>
    <ClInclude Include="..\Code\Dagger.h">
      <Filter>02. GameObejct\01. Stage\03. Weapon\00. Dagger</Filter>
    </ClInclude>
    <ClInclude Include="..\Code\ColdStaff.h">
      <Filter>02. GameObejct\01. Stage\03. Weapon\03. ColdStaff</Filter>
    </ClInclude>
    <ClInclude Include="..\Code\CrossBow.h">
      <Filter>02. GameObejct\01. Stage\03. Weapon\04. CrossBow</Filter>
    </ClInclude>
    <ClInclude Include="..\Code\CrossBow3.h">
      <Filter>02. GameObejct\01. Stage\03. Weapon\05. CrossBow3</Filter>
    </ClInclude>
    <ClInclude Include="..\Code\Revolver.h">
      <Filter>02. GameObejct\01. Stage\03. Weapon\01. Revolver</Filter>
    </ClInclude>
    <ClInclude Include="..\Code\RocketLauncher.h">
      <Filter>02. GameObejct\01. Stage\03. Weapon\07. RocketLauncher</Filter>
    </ClInclude>
    <ClInclude Include="..\Code\Shock.h">
      <Filter>02. GameObejct\09. Public\08. Effect\04. Shock</Filter>
    </ClInclude>
    <ClInclude Include="..\Code\DataMgr.h">
      <Filter>97. Manager\04. DataMgr</Filter>
    </ClInclude>
    <ClInclude Include="..\Code\Bullet.h">
      <Filter>02. GameObejct\09. Public\08. Effect\05. Bullet</Filter>
    </ClInclude>
    <ClInclude Include="..\Code\Blood.h">
      <Filter>02. GameObejct\09. Public\08. Effect\06. Blood</Filter>
    </ClInclude>
    <ClInclude Include="..\Code\Loadingbar.h">
      <Filter>02. GameObejct\09. Public\03. UI</Filter>
    </ClInclude>
    <ClInclude Include="..\Code\MiniMonster.h">
      <Filter>02. GameObejct\04. StageMini\00.MiniMonster</Filter>
    </ClInclude>
    <ClInclude Include="..\Code\MiniMonsterEvent.h">
      <Filter>02. GameObejct\04. StageMini\01.MiniEvent</Filter>
    </ClInclude>
    <ClInclude Include="..\Code\BossGauge.h">
      <Filter>02. GameObejct\09. Public\03. UI</Filter>
    </ClInclude>
    <ClInclude Include="..\Code\Shop.h">
      <Filter>02. GameObejct\09. Public\09. Shop</Filter>
    </ClInclude>
    <ClInclude Include="..\Code\LoadingScene.h">
      <Filter>01. Scene\00.LoadingScene</Filter>
    </ClInclude>
  </ItemGroup>
  <ItemGroup>
    <ClCompile Include="stdafx.cpp">
      <Filter>99. Etc\소스 파일</Filter>
    </ClCompile>
    <ClCompile Include="Client.cpp">
      <Filter>99. Etc\소스 파일</Filter>
    </ClCompile>
    <ClCompile Include="..\Code\MainApp.cpp">
      <Filter>00. MainApp</Filter>
    </ClCompile>
    <ClCompile Include="..\Code\Logo.cpp">
      <Filter>01. Scene\00. Logo</Filter>
    </ClCompile>
    <ClCompile Include="..\Code\BackGround.cpp">
      <Filter>02. GameObejct\00. Logo\00. BackGround</Filter>
    </ClCompile>
    <ClCompile Include="..\Code\Stage.cpp">
      <Filter>01. Scene\01. Stage</Filter>
    </ClCompile>
    <ClCompile Include="..\Code\Terrain.cpp">
      <Filter>02. GameObejct\01. Stage\00. Terrain</Filter>
    </ClCompile>
    <ClCompile Include="..\Code\Loading.cpp">
      <Filter>01. Scene\09. Public\00. Loading</Filter>
    </ClCompile>
    <ClCompile Include="..\Code\DynamicCamera.cpp">
      <Filter>02. GameObejct\09. Public\01. DynamicCamera</Filter>
    </ClCompile>
    <ClCompile Include="..\Code\StaticCamera.cpp">
      <Filter>02. GameObejct\09. Public\00. StaticCamera</Filter>
    </ClCompile>
    <ClCompile Include="..\Code\SkyBox.cpp">
      <Filter>02. GameObejct\01. Stage\02. SkyBox</Filter>
    </ClCompile>
    <ClCompile Include="..\Code\TestPlayer.cpp">
      <Filter>02. GameObejct\01. Stage\99. TestPlayer</Filter>
    </ClCompile>
    <ClCompile Include="..\Code\Player.cpp">
      <Filter>02. GameObejct\01. Stage\01. Player</Filter>
    </ClCompile>
    <ClCompile Include="..\Code\FirstPersonCamera.cpp">
      <Filter>02. GameObejct\09. Public\02. FirstPersonCamera</Filter>
    </ClCompile>
    <ClCompile Include="..\Code\HUD.cpp">
      <Filter>02. GameObejct\09. Public\03. UI</Filter>
    </ClCompile>
    <ClCompile Include="..\Code\Gauge.cpp">
      <Filter>02. GameObejct\09. Public\03. UI</Filter>
    </ClCompile>
    <ClCompile Include="..\Code\Title.cpp">
      <Filter>02. GameObejct\09. Public\03. UI</Filter>
    </ClCompile>
    <ClCompile Include="..\Code\TempObject.cpp">
      <Filter>02. GameObejct\01. Stage\00.TempObject</Filter>
    </ClCompile>
    <ClCompile Include="..\Code\ColObject.cpp">
      <Filter>02. GameObejct\09. Public\04.Col</Filter>
    </ClCompile>
    <ClCompile Include="..\Code\WeaponMgr.cpp">
      <Filter>97. Manager\01. WeaponMgr</Filter>
    </ClCompile>
    <ClCompile Include="..\Code\CollisionMgr.cpp">
      <Filter>97. Manager\00. CollisionMgr</Filter>
    </ClCompile>
    <ClCompile Include="..\Code\Bat.cpp">
      <Filter>02. GameObejct\01. Stage\50. Monster\00.Bat</Filter>
    </ClCompile>
    <ClCompile Include="..\Code\Spider.cpp">
      <Filter>02. GameObejct\01. Stage\50. Monster\01.Spider</Filter>
    </ClCompile>
    <ClCompile Include="..\Code\Crusader.cpp">
      <Filter>02. GameObejct\01. Stage\50. Monster\02.Crusader</Filter>
    </ClCompile>
    <ClCompile Include="..\Code\Glacier.cpp">
      <Filter>02. GameObejct\01. Stage\50. Monster\03.Glacier</Filter>
    </ClCompile>
    <ClCompile Include="..\Code\Newshambler.cpp">
      <Filter>02. GameObejct\01. Stage\50. Monster\04.Newshambler</Filter>
    </ClCompile>
    <ClCompile Include="..\Code\Monster.cpp">
      <Filter>02. GameObejct\01. Stage\50. Monster</Filter>
    </ClCompile>
    <ClCompile Include="..\Code\Projectile.cpp">
      <Filter>02. GameObejct\01. Stage\50. Monster\10.Projectile</Filter>
    </ClCompile>
    <ClCompile Include="..\Code\Spell.cpp">
      <Filter>02. GameObejct\01. Stage\50. Monster\10.Projectile\00.Spell</Filter>
    </ClCompile>
    <ClCompile Include="..\Code\HellBoss.cpp">
      <Filter>02. GameObejct\01. Stage\50. Monster\05.HellBoss</Filter>
    </ClCompile>
    <ClCompile Include="..\Code\Roof.cpp">
      <Filter>02. GameObejct\01. Stage\00.Roof</Filter>
    </ClCompile>
    <ClCompile Include="..\Code\ITem.cpp">
      <Filter>02. GameObejct\09. Public\05.Item</Filter>
    </ClCompile>
    <ClCompile Include="..\Code\PlusWall.cpp">
      <Filter>02. GameObejct\02. Stage2\00.PlusWall</Filter>
    </ClCompile>
    <ClCompile Include="..\Code\StageMini.cpp">
      <Filter>01. Scene\04.StageMini</Filter>
    </ClCompile>
    <ClCompile Include="..\Code\Stage3.cpp">
      <Filter>01. Scene\03. Stage3</Filter>
    </ClCompile>
    <ClCompile Include="..\Code\Stage2.cpp">
      <Filter>01. Scene\02. Stage2</Filter>
    </ClCompile>
    <ClCompile Include="..\Code\EventDoor.cpp">
      <Filter>02. GameObejct\09. Public\06.EventDoor</Filter>
    </ClCompile>
    <ClCompile Include="..\Code\MiniMap.cpp">
      <Filter>02. GameObejct\09. Public\07.MiniMap</Filter>
    </ClCompile>
    <ClCompile Include="..\Code\MiniObject.cpp">
      <Filter>02. GameObejct\09. Public\07.MiniMap\00.MiniWall</Filter>
    </ClCompile>
    <ClCompile Include="..\Code\EffectMgr.cpp">
      <Filter>97. Manager\03. EffectMgr</Filter>
    </ClCompile>
    <ClCompile Include="..\Code\Effect.cpp">
      <Filter>02. GameObejct\09. Public\08. Effect</Filter>
    </ClCompile>
    <ClCompile Include="..\Code\DaggerThrow.cpp">
      <Filter>02. GameObejct\09. Public\08. Effect\00. DaggerThrow</Filter>
    </ClCompile>
    <ClCompile Include="..\Code\Arrow.cpp">
      <Filter>02. GameObejct\09. Public\08. Effect\01. Arrow</Filter>
    </ClCompile>
    <ClCompile Include="..\Code\SpellSphere.cpp">
      <Filter>02. GameObejct\09. Public\08. Effect\02. SpellSphere</Filter>
    </ClCompile>
    <ClCompile Include="..\Code\Explosion.cpp">
      <Filter>02. GameObejct\09. Public\08. Effect\03. Explosion</Filter>
    </ClCompile>
    <ClCompile Include="..\Code\Weapon.cpp">
      <Filter>02. GameObejct\01. Stage\03. Weapon</Filter>
    </ClCompile>
    <ClCompile Include="..\Code\Staff.cpp">
      <Filter>02. GameObejct\01. Stage\03. Weapon\02. Staff</Filter>
    </ClCompile>
    <ClCompile Include="..\Code\Minigun.cpp">
      <Filter>02. GameObejct\01. Stage\03. Weapon\06. Minigun</Filter>
    </ClCompile>
    <ClCompile Include="..\Code\Dagger.cpp">
      <Filter>02. GameObejct\01. Stage\03. Weapon\00. Dagger</Filter>
    </ClCompile>
    <ClCompile Include="..\Code\ColdStaff.cpp">
      <Filter>02. GameObejct\01. Stage\03. Weapon\03. ColdStaff</Filter>
    </ClCompile>
    <ClCompile Include="..\Code\CrossBow.cpp">
      <Filter>02. GameObejct\01. Stage\03. Weapon\04. CrossBow</Filter>
    </ClCompile>
    <ClCompile Include="..\Code\CrossBow3.cpp">
      <Filter>02. GameObejct\01. Stage\03. Weapon\05. CrossBow3</Filter>
    </ClCompile>
    <ClCompile Include="..\Code\Revolver.cpp">
      <Filter>02. GameObejct\01. Stage\03. Weapon\01. Revolver</Filter>
    </ClCompile>
    <ClCompile Include="..\Code\RocketLauncher.cpp">
      <Filter>02. GameObejct\01. Stage\03. Weapon\07. RocketLauncher</Filter>
    </ClCompile>
    <ClCompile Include="..\Code\Shock.cpp">
      <Filter>02. GameObejct\09. Public\08. Effect\04. Shock</Filter>
    </ClCompile>
    <ClCompile Include="..\Code\DataMgr.cpp">
      <Filter>97. Manager\04. DataMgr</Filter>
    </ClCompile>
    <ClCompile Include="..\Code\Bullet.cpp">
      <Filter>02. GameObejct\09. Public\08. Effect\05. Bullet</Filter>
    </ClCompile>
    <ClCompile Include="..\Code\Blood.cpp">
      <Filter>02. GameObejct\09. Public\08. Effect\06. Blood</Filter>
    </ClCompile>
    <ClCompile Include="..\Code\Loadingbar.cpp">
      <Filter>02. GameObejct\09. Public\03. UI</Filter>
    </ClCompile>
    <ClCompile Include="..\Code\MiniMonster.cpp">
      <Filter>02. GameObejct\04. StageMini\00.MiniMonster</Filter>
    </ClCompile>
    <ClCompile Include="..\Code\MiniMonsterEvent.cpp">
      <Filter>02. GameObejct\04. StageMini\01.MiniEvent</Filter>
    </ClCompile>
    <ClCompile Include="..\Code\BossGauge.cpp">
      <Filter>02. GameObejct\09. Public\03. UI</Filter>
    </ClCompile>
    <ClCompile Include="..\Code\Shop.cpp">
      <Filter>02. GameObejct\09. Public\09. Shop</Filter>
    </ClCompile>
    <ClCompile Include="..\Code\LoadingScene.cpp">
      <Filter>01. Scene\00.LoadingScene</Filter>
    </ClCompile>
  </ItemGroup>
  <ItemGroup>
    <ResourceCompile Include="Client.rc">
      <Filter>99. Etc\리소스 파일</Filter>
    </ResourceCompile>
  </ItemGroup>
  <ItemGroup>
    <Image Include="small.ico">
      <Filter>99. Etc\리소스 파일</Filter>
    </Image>
    <Image Include="Client.ico">
      <Filter>99. Etc\리소스 파일</Filter>
    </Image>
  </ItemGroup>
  <ItemGroup>
    <Text Include="ReadMe.txt">
      <Filter>99. Etc\소스 파일</Filter>
    </Text>
  </ItemGroup>
</Project>